
Microsoft Visual Studio Solution File, Format Version 12.00
# Visual Studio Version 16
VisualStudioVersion = 16.0.30320.27
MinimumVisualStudioVersion = 10.0.40219.1
Project("{FAE04EC0-301F-11D3-BF4B-00C04F79EFBC}") = "Food Application", "Food Application\Food Application.csproj", "{985825AD-F546-437B-9A8D-CDA75D418011}"
EndProject
Global
	GlobalSection(SolutionConfigurationPlatforms) = preSolution
		Debug|Any CPU = Debug|Any CPU
		Release|Any CPU = Release|Any CPU
	EndGlobalSection
	GlobalSection(ProjectConfigurationPlatforms) = postSolution
		{985825AD-F546-437B-9A8D-CDA75D418011}.Debug|Any CPU.ActiveCfg = Debug|Any CPU
		{985825AD-F546-437B-9A8D-CDA75D418011}.Debug|Any CPU.Build.0 = Debug|Any CPU
		{985825AD-F546-437B-9A8D-CDA75D418011}.Release|Any CPU.ActiveCfg = Release|Any CPU
		{985825AD-F546-437B-9A8D-CDA75D418011}.Release|Any CPU.Build.0 = Release|Any CPU
	EndGlobalSection
	GlobalSection(SolutionProperties) = preSolution
		HideSolutionNode = FALSE
	EndGlobalSection
	GlobalSection(ExtensibilityGlobals) = postSolution
		SolutionGuid = {C4EAA773-F928-4926-8367-DBB656BD5895}
	EndGlobalSection
EndGlobal
